Microsoft Visual Studio Solution File, Format Version 11.00
# Visual Studio 2008

Project("{5356D423-7842-B83F-2679-4CFC50CC88C9}") = "SpaceShooterTutorial", "Assembly-CSharp-vs.csproj", "{83801ED4-947A-68FD-97D2-22963D5F69A6}"
EndProject
Project("{5356D423-7842-B83F-2679-4CFC50CC88C9}") = "SpaceShooterTutorial", "Assembly-CSharp-Editor-vs.csproj", "{898447EB-AB16-274F-39AB-071398434741}"
EndProject
Global
	GlobalSection(SolutionConfigurationPlatforms) = preSolution
		Debug|Any CPU = Debug|Any CPU
		Release|Any CPU = Release|Any CPU
	EndGlobalSection
	GlobalSection(ProjectConfigurationPlatforms) = postSolution
		{83801ED4-947A-68FD-97D2-22963D5F69A6}.Debug|Any CPU.ActiveCfg = Debug|Any CPU
		{83801ED4-947A-68FD-97D2-22963D5F69A6}.Debug|Any CPU.Build.0 = Debug|Any CPU
		{83801ED4-947A-68FD-97D2-22963D5F69A6}.Release|Any CPU.ActiveCfg = Release|Any CPU
		{83801ED4-947A-68FD-97D2-22963D5F69A6}.Release|Any CPU.Build.0 = Release|Any CPU
		{898447EB-AB16-274F-39AB-071398434741}.Debug|Any CPU.ActiveCfg = Debug|Any CPU
		{898447EB-AB16-274F-39AB-071398434741}.Debug|Any CPU.Build.0 = Debug|Any CPU
		{898447EB-AB16-274F-39AB-071398434741}.Release|Any CPU.ActiveCfg = Release|Any CPU
		{898447EB-AB16-274F-39AB-071398434741}.Release|Any CPU.Build.0 = Release|Any CPU
	EndGlobalSection
	GlobalSection(SolutionProperties) = preSolution
		HideSolutionNode = FALSE
	EndGlobalSection
																GlobalSection(MonoDevelopProperties) = preSolution
		StartupItem = Assembly-CSharp.csproj
		Policies = $0
		$0.TextStylePolicy = $1
		$1.inheritsSet = null
		$1.scope = text/x-csharp
		$0.CSharpFormattingPolicy = $2
		$2.inheritsSet = Mono
		$2.inheritsScope = text/x-csharp
		$2.scope = text/x-csharp
		$0.TextStylePolicy = $3
		$3.FileWidth = 120
		$3.TabWidth = 4
		$3.EolMarker = Unix
		$3.inheritsSet = Mono
		$3.inheritsScope = text/plain
		$3.scope = text/plain
	EndGlobalSection

EndGlobal
